
Microsoft Visual Studio Solution File, Format Version 12.00
# Visual Studio Version 17
VisualStudioVersion = 17.11.35222.181
MinimumVisualStudioVersion = 10.0.40219.1
Project("{FAE04EC0-301F-11D3-BF4B-00C04F79EFBC}") = "5M03konObliczanieCzestosciLiter", "5M03konObliczanieCzestosciLiter\5M03konObliczanieCzestosciLiter.csproj", "{B375C5A4-7177-479A-86AE-4BA049B3746B}"
EndProject
Global
	GlobalSection(SolutionConfigurationPlatforms) = preSolution
		Debug|Any CPU = Debug|Any CPU
		Release|Any CPU = Release|Any CPU
	EndGlobalSection
	GlobalSection(ProjectConfigurationPlatforms) = postSolution
		{B375C5A4-7177-479A-86AE-4BA049B3746B}.Debug|Any CPU.ActiveCfg = Debug|Any CPU
		{B375C5A4-7177-479A-86AE-4BA049B3746B}.Debug|Any CPU.Build.0 = Debug|Any CPU
		{B375C5A4-7177-479A-86AE-4BA049B3746B}.Release|Any CPU.ActiveCfg = Release|Any CPU
		{B375C5A4-7177-479A-86AE-4BA049B3746B}.Release|Any CPU.Build.0 = Release|Any CPU
	EndGlobalSection
	GlobalSection(SolutionProperties) = preSolution
		HideSolutionNode = FALSE
	EndGlobalSection
	GlobalSection(ExtensibilityGlobals) = postSolution
		SolutionGuid = {FE9D4FF3-7D7B-4413-BBBC-068D1D9045E7}
	EndGlobalSection
EndGlobal
